
Microsoft Visual Studio Solution File, Format Version 12.00
# Visual Studio Version 17
VisualStudioVersion = 17.10.35004.147
MinimumVisualStudioVersion = 10.0.40219.1
Project("{FAE04EC0-301F-11D3-BF4B-00C04F79EFBC}") = "Authorization", "Authorization\Authorization.csproj", "{0A74BB32-507B-43CA-9B88-961FEF12DE7E}"
EndProject
Global
	GlobalSection(SolutionConfigurationPlatforms) = preSolution
		Debug|Any CPU = Debug|Any CPU
		Release|Any CPU = Release|Any CPU
	EndGlobalSection
	GlobalSection(ProjectConfigurationPlatforms) = postSolution
		{0A74BB32-507B-43CA-9B88-961FEF12DE7E}.Debug|Any CPU.ActiveCfg = Debug|Any CPU
		{0A74BB32-507B-43CA-9B88-961FEF12DE7E}.Debug|Any CPU.Build.0 = Debug|Any CPU
		{0A74BB32-507B-43CA-9B88-961FEF12DE7E}.Release|Any CPU.ActiveCfg = Release|Any CPU
		{0A74BB32-507B-43CA-9B88-961FEF12DE7E}.Release|Any CPU.Build.0 = Release|Any CPU
	EndGlobalSection
	GlobalSection(SolutionProperties) = preSolution
		HideSolutionNode = FALSE
	EndGlobalSection
	GlobalSection(ExtensibilityGlobals) = postSolution
		SolutionGuid = {476B197F-D86A-42E7-9BEC-C16B10176BA8}
	EndGlobalSection
EndGlobal
